// !$*UTF8*$!
{
	archiveVersion = 1;
	classes = {
	};
	objectVersion = 52;
	objects = {

/* Begin PBXBuildFile section */
		CCB6D090257D4E0000A9E261 /* Posts in Frameworks */ = {isa = PBXBuildFile; productRef = CCB6D08F257D4E0000A9E261 /* Posts */; };
		CCC380612574125A00AF4D96 /* HanaApp.swift in Sources */ = {isa = PBXBuildFile; fileRef = CCC380602574125A00AF4D96 /* HanaApp.swift */; };
		CCC380652574125B00AF4D96 /* Assets.xcassets in Resources */ = {isa = PBXBuildFile; fileRef = CCC380642574125B00AF4D96 /* Assets.xcassets */; };
		CCC380682574125B00AF4D96 /* Preview Assets.xcassets in Resources */ = {isa = PBXBuildFile; fileRef = CCC380672574125B00AF4D96 /* Preview Assets.xcassets */; };
		CCC380732574125B00AF4D96 /* HanaTests.swift in Sources */ = {isa = PBXBuildFile; fileRef = CCC380722574125B00AF4D96 /* HanaTests.swift */; };
		CCEF65BD257D4A5300D38E11 /* KaoriLive in Frameworks */ = {isa = PBXBuildFile; productRef = CCEF65BC257D4A5300D38E11 /* KaoriLive */; };
/* End PBXBuildFile section */

/* Begin PBXContainerItemProxy section */
		CCC3806F2574125B00AF4D96 /* PBXContainerItemProxy */ = {
			isa = PBXContainerItemProxy;
			containerPortal = CCC380552574125A00AF4D96 /* Project object */;
			proxyType = 1;
			remoteGlobalIDString = CCC3805C2574125A00AF4D96;
			remoteInfo = Hana;
		};
/* End PBXContainerItemProxy section */

/* Begin PBXFileReference section */
		CCC3805D2574125A00AF4D96 /* Hana.app */ = {isa = PBXFileReference; explicitFileType = wrapper.application; includeInIndex = 0; path = Hana.app; sourceTree = BUILT_PRODUCTS_DIR; };
		CCC380602574125A00AF4D96 /* HanaApp.swift */ = {isa = PBXFileReference; lastKnownFileType = sourcecode.swift; path = HanaApp.swift; sourceTree = "<group>"; };
		CCC380642574125B00AF4D96 /* Assets.xcassets */ = {isa = PBXFileReference; lastKnownFileType = folder.assetcatalog; path = Assets.xcassets; sourceTree = "<group>"; };
		CCC380672574125B00AF4D96 /* Preview Assets.xcassets */ = {isa = PBXFileReference; lastKnownFileType = folder.assetcatalog; path = "Preview Assets.xcassets"; sourceTree = "<group>"; };
		CCC380692574125B00AF4D96 /* Info.plist */ = {isa = PBXFileReference; lastKnownFileType = text.plist.xml; path = Info.plist; sourceTree = "<group>"; };
		CCC3806E2574125B00AF4D96 /* HanaTests.xctest */ = {isa = PBXFileReference; explicitFileType = wrapper.cfbundle; includeInIndex = 0; path = HanaTests.xctest; sourceTree = BUILT_PRODUCTS_DIR; };
		CCC380722574125B00AF4D96 /* HanaTests.swift */ = {isa = PBXFileReference; lastKnownFileType = sourcecode.swift; path = HanaTests.swift; sourceTree = "<group>"; };
		CCC380742574125B00AF4D96 /* Info.plist */ = {isa = PBXFileReference; lastKnownFileType = text.plist.xml; path = Info.plist; sourceTree = "<group>"; };
		CCC3807D2574125B00AF4D96 /* HanaUITests.swift */ = {isa = PBXFileReference; lastKnownFileType = sourcecode.swift; path = HanaUITests.swift; sourceTree = "<group>"; };
		CCC3807F2574125B00AF4D96 /* Info.plist */ = {isa = PBXFileReference; lastKnownFileType = text.plist.xml; path = Info.plist; sourceTree = "<group>"; };
		CCEA9266257D5A5D00D0572E /* WebImage */ = {isa = PBXFileReference; lastKnownFileType = folder; path = WebImage; sourceTree = "<group>"; };
		CCEF65B9257D4A2A00D38E11 /* Kaori */ = {isa = PBXFileReference; lastKnownFileType = folder; name = Kaori; path = /Users/ilisovyi/Developer/Hana/Hana/Kaori; sourceTree = "<absolute>"; };
		CCEF65C0257D4C4D00D38E11 /* Posts */ = {isa = PBXFileReference; lastKnownFileType = folder; path = Posts; sourceTree = "<group>"; };
/* End PBXFileReference section */

/* Begin PBXFrameworksBuildPhase section */
		CCC3805A2574125A00AF4D96 /* Frameworks */ = {
			isa = PBXFrameworksBuildPhase;
			buildActionMask = 2147483647;
			files = (
				CCB6D090257D4E0000A9E261 /* Posts in Frameworks */,
				CCEF65BD257D4A5300D38E11 /* KaoriLive in Frameworks */,
			);
			runOnlyForDeploymentPostprocessing = 0;
		};
		CCC3806B2574125B00AF4D96 /* Frameworks */ = {
			isa = PBXFrameworksBuildPhase;
			buildActionMask = 2147483647;
			files = (
			);
			runOnlyForDeploymentPostprocessing = 0;
		};
/* End PBXFrameworksBuildPhase section */

/* Begin PBXGroup section */
		CCC380542574125A00AF4D96 = {
			isa = PBXGroup;
			children = (
				CCC3805F2574125A00AF4D96 /* Hana */,
				CCC380712574125B00AF4D96 /* HanaTests */,
				CCC3807C2574125B00AF4D96 /* HanaUITests */,
				CCC3805E2574125A00AF4D96 /* Products */,
				CCD9EEA925742C7A009634B9 /* Frameworks */,
			);
			sourceTree = "<group>";
		};
		CCC3805E2574125A00AF4D96 /* Products */ = {
			isa = PBXGroup;
			children = (
				CCC3805D2574125A00AF4D96 /* Hana.app */,
				CCC3806E2574125B00AF4D96 /* HanaTests.xctest */,
			);
			name = Products;
			sourceTree = "<group>";
		};
		CCC3805F2574125A00AF4D96 /* Hana */ = {
			isa = PBXGroup;
			children = (
				CCEF65C0257D4C4D00D38E11 /* Posts */,
				CCEA9266257D5A5D00D0572E /* WebImage */,
				CCEF65B9257D4A2A00D38E11 /* Kaori */,
				CCC380602574125A00AF4D96 /* HanaApp.swift */,
				CCC380642574125B00AF4D96 /* Assets.xcassets */,
				CCC380692574125B00AF4D96 /* Info.plist */,
				CCC380662574125B00AF4D96 /* Preview Content */,
			);
			path = Hana;
			sourceTree = "<group>";
		};
		CCC380662574125B00AF4D96 /* Preview Content */ = {
			isa = PBXGroup;
			children = (
				CCC380672574125B00AF4D96 /* Preview Assets.xcassets */,
			);
			path = "Preview Content";
			sourceTree = "<group>";
		};
		CCC380712574125B00AF4D96 /* HanaTests */ = {
			isa = PBXGroup;
			children = (
				CCC380722574125B00AF4D96 /* HanaTests.swift */,
				CCC380742574125B00AF4D96 /* Info.plist */,
			);
			path = HanaTests;
			sourceTree = "<group>";
		};
		CCC3807C2574125B00AF4D96 /* HanaUITests */ = {
			isa = PBXGroup;
			children = (
				CCC3807D2574125B00AF4D96 /* HanaUITests.swift */,
				CCC3807F2574125B00AF4D96 /* Info.plist */,
			);
			path = HanaUITests;
			sourceTree = "<group>";
		};
		CCD9EEA925742C7A009634B9 /* Frameworks */ = {
			isa = PBXGroup;
			children = (
			);
			name = Frameworks;
			sourceTree = "<group>";
		};
/* End PBXGroup section */

/* Begin PBXNativeTarget section */
		CCC3805C2574125A00AF4D96 /* Hana */ = {
			isa = PBXNativeTarget;
			buildConfigurationList = CCC380822574125B00AF4D96 /* Build configuration list for PBXNativeTarget "Hana" */;
			buildPhases = (
				CCC380592574125A00AF4D96 /* Sources */,
				CCC3805A2574125A00AF4D96 /* Frameworks */,
				CCC3805B2574125A00AF4D96 /* Resources */,
			);
			buildRules = (
			);
			dependencies = (
			);
			name = Hana;
			packageProductDependencies = (
				CCEF65BC257D4A5300D38E11 /* KaoriLive */,
				CCB6D08F257D4E0000A9E261 /* Posts */,
			);
			productName = Hana;
			productReference = CCC3805D2574125A00AF4D96 /* Hana.app */;
			productType = "com.apple.product-type.application";
		};
		CCC3806D2574125B00AF4D96 /* HanaTests */ = {
			isa = PBXNativeTarget;
			buildConfigurationList = CCC380852574125B00AF4D96 /* Build configuration list for PBXNativeTarget "HanaTests" */;
			buildPhases = (
				CCC3806A2574125B00AF4D96 /* Sources */,
				CCC3806B2574125B00AF4D96 /* Frameworks */,
				CCC3806C2574125B00AF4D96 /* Resources */,
			);
			buildRules = (
			);
			dependencies = (
				CCC380702574125B00AF4D96 /* PBXTargetDependency */,
			);
			name = HanaTests;
			productName = HanaTests;
			productReference = CCC3806E2574125B00AF4D96 /* HanaTests.xctest */;
			productType = "com.apple.product-type.bundle.unit-test";
		};
/* End PBXNativeTarget section */

/* Begin PBXProject section */
		CCC380552574125A00AF4D96 /* Project object */ = {
			isa = PBXProject;
			attributes = {
				LastSwiftUpdateCheck = 1220;
				LastUpgradeCheck = 1220;
				TargetAttributes = {
					CCC3805C2574125A00AF4D96 = {
						CreatedOnToolsVersion = 12.2;
					};
					CCC3806D2574125B00AF4D96 = {
						CreatedOnToolsVersion = 12.2;
						TestTargetID = CCC3805C2574125A00AF4D96;
					};
				};
			};
			buildConfigurationList = CCC380582574125A00AF4D96 /* Build configuration list for PBXProject "Hana" */;
			compatibilityVersion = "Xcode 9.3";
			developmentRegion = en;
			hasScannedForEncodings = 0;
			knownRegions = (
				en,
				Base,
			);
			mainGroup = CCC380542574125A00AF4D96;
			packageReferences = (
			);
			productRefGroup = CCC3805E2574125A00AF4D96 /* Products */;
			projectDirPath = "";
			projectRoot = "";
			targets = (
				CCC3805C2574125A00AF4D96 /* Hana */,
				CCC3806D2574125B00AF4D96 /* HanaTests */,
			);
		};
/* End PBXProject section */

/* Begin PBXResourcesBuildPhase section */
		CCC3805B2574125A00AF4D96 /* Resources */ = {
			isa = PBXResourcesBuildPhase;
			buildActionMask = 2147483647;
			files = (
				CCC380682574125B00AF4D96 /* Preview Assets.xcassets in Resources */,
				CCC380652574125B00AF4D96 /* Assets.xcassets in Resources */,
			);
			runOnlyForDeploymentPostprocessing = 0;
		};
		CCC3806C2574125B00AF4D96 /* Resources */ = {
			isa = PBXResourcesBuildPhase;
			buildActionMask = 2147483647;
			files = (
			);
			runOnlyForDeploymentPostprocessing = 0;
		};
/* End PBXResourcesBuildPhase section */

/* Begin PBXSourcesBuildPhase section */
		CCC380592574125A00AF4D96 /* Sources */ = {
			isa = PBXSourcesBuildPhase;
			buildActionMask = 2147483647;
			files = (
				CCC380612574125A00AF4D96 /* HanaApp.swift in Sources */,
			);
			runOnlyForDeploymentPostprocessing = 0;
		};
		CCC3806A2574125B00AF4D96 /* Sources */ = {
			isa = PBXSourcesBuildPhase;
			buildActionMask = 2147483647;
			files = (
				CCC380732574125B00AF4D96 /* HanaTests.swift in Sources */,
			);
			runOnlyForDeploymentPostprocessing = 0;
		};
/* End PBXSourcesBuildPhase section */

/* Begin PBXTargetDependency section */
		CCC380702574125B00AF4D96 /* PBXTargetDependency */ = {
			isa = PBXTargetDependency;
			target = CCC3805C2574125A00AF4D96 /* Hana */;
			targetProxy = CCC3806F2574125B00AF4D96 /* PBXContainerItemProxy */;
		};
/* End PBXTargetDependency section */

/* Begin XCBuildConfiguration section */
		CCC380802574125B00AF4D96 /* Debug */ = {
			isa = XCBuildConfiguration;
			buildSettings = {
				ALWAYS_SEARCH_USER_PATHS = NO;
				CLANG_ANALYZER_NONNULL = YES;
				CLANG_ANALYZER_NUMBER_OBJECT_CONVERSION = YES_AGGRESSIVE;
				CLANG_CXX_LANGUAGE_STANDARD = "gnu++14";
				CLANG_CXX_LIBRARY = "libc++";
				CLANG_ENABLE_MODULES = YES;
				CLANG_ENABLE_OBJC_ARC = YES;
				CLANG_ENABLE_OBJC_WEAK = YES;
				CLANG_WARN_BLOCK_CAPTURE_AUTORELEASING = YES;
				CLANG_WARN_BOOL_CONVERSION = YES;
				CLANG_WARN_COMMA = YES;
				CLANG_WARN_CONSTANT_CONVERSION = YES;
				CLANG_WARN_DEPRECATED_OBJC_IMPLEMENTATIONS = YES;
				CLANG_WARN_DIRECT_OBJC_ISA_USAGE = YES_ERROR;
				CLANG_WARN_DOCUMENTATION_COMMENTS = YES;
				CLANG_WARN_EMPTY_BODY = YES;
				CLANG_WARN_ENUM_CONVERSION = YES;
				CLANG_WARN_INFINITE_RECURSION = YES;
				CLANG_WARN_INT_CONVERSION = YES;
				CLANG_WARN_NON_LITERAL_NULL_CONVERSION = YES;
				CLANG_WARN_OBJC_IMPLICIT_RETAIN_SELF = YES;
				CLANG_WARN_OBJC_LITERAL_CONVERSION = YES;
				CLANG_WARN_OBJC_ROOT_CLASS = YES_ERROR;
				CLANG_WARN_QUOTED_INCLUDE_IN_FRAMEWORK_HEADER = YES;
				CLANG_WARN_RANGE_LOOP_ANALYSIS = YES;
				CLANG_WARN_STRICT_PROTOTYPES = YES;
				CLANG_WARN_SUSPICIOUS_MOVE = YES;
				CLANG_WARN_UNGUARDED_AVAILABILITY = YES_AGGRESSIVE;
				CLANG_WARN_UNREACHABLE_CODE = YES;
				CLANG_WARN__DUPLICATE_METHOD_MATCH = YES;
				COPY_PHASE_STRIP = NO;
				DEBUG_INFORMATION_FORMAT = dwarf;
				ENABLE_STRICT_OBJC_MSGSEND = YES;
				ENABLE_TESTABILITY = YES;
				GCC_C_LANGUAGE_STANDARD = gnu11;
				GCC_DYNAMIC_NO_PIC = NO;
				GCC_NO_COMMON_BLOCKS = YES;
				GCC_OPTIMIZATION_LEVEL = 0;
				GCC_PREPROCESSOR_DEFINITIONS = (
					"DEBUG=1",
					"$(inherited)",
				);
				GCC_WARN_64_TO_32_BIT_CONVERSION = YES;
				GCC_WARN_ABOUT_RETURN_TYPE = YES_ERROR;
				GCC_WARN_UNDECLARED_SELECTOR = YES;
				GCC_WARN_UNINITIALIZED_AUTOS = YES_AGGRESSIVE;
				GCC_WARN_UNUSED_FUNCTION = YES;
				GCC_WARN_UNUSED_VARIABLE = YES;
				IPHONEOS_DEPLOYMENT_TARGET = 14.2;
				MTL_ENABLE_DEBUG_INFO = INCLUDE_SOURCE;
				MTL_FAST_MATH = YES;
				ONLY_ACTIVE_ARCH = YES;
				SDKROOT = iphoneos;
				SWIFT_ACTIVE_COMPILATION_CONDITIONS = DEBUG;
				SWIFT_OPTIMIZATION_LEVEL = "-Onone";
			};
			name = Debug;
		};
		CCC380812574125B00AF4D96 /* Release */ = {
			isa = XCBuildConfiguration;
			buildSettings = {
				ALWAYS_SEARCH_USER_PATHS = NO;
				CLANG_ANALYZER_NONNULL = YES;
				CLANG_ANALYZER_NUMBER_OBJECT_CONVERSION = YES_AGGRESSIVE;
				CLANG_CXX_LANGUAGE_STANDARD = "gnu++14";
				CLANG_CXX_LIBRARY = "libc++";
				CLANG_ENABLE_MODULES = YES;
				CLANG_ENABLE_OBJC_ARC = YES;
				CLANG_ENABLE_OBJC_WEAK = YES;
				CLANG_WARN_BLOCK_CAPTURE_AUTORELEASING = YES;
				CLANG_WARN_BOOL_CONVERSION = YES;
				CLANG_WARN_COMMA = YES;
				CLANG_WARN_CONSTANT_CONVERSION = YES;
				CLANG_WARN_DEPRECATED_OBJC_IMPLEMENTATIONS = YES;
				CLANG_WARN_DIRECT_OBJC_ISA_USAGE = YES_ERROR;
				CLANG_WARN_DOCUMENTATION_COMMENTS = YES;
				CLANG_WARN_EMPTY_BODY = YES;
				CLANG_WARN_ENUM_CONVERSION = YES;
				CLANG_WARN_INFINITE_RECURSION = YES;
				CLANG_WARN_INT_CONVERSION = YES;
				CLANG_WARN_NON_LITERAL_NULL_CONVERSION = YES;
				CLANG_WARN_OBJC_IMPLICIT_RETAIN_SELF = YES;
				CLANG_WARN_OBJC_LITERAL_CONVERSION = YES;
				CLANG_WARN_OBJC_ROOT_CLASS = YES_ERROR;
				CLANG_WARN_QUOTED_INCLUDE_IN_FRAMEWORK_HEADER = YES;
				CLANG_WARN_RANGE_LOOP_ANALYSIS = YES;
				CLANG_WARN_STRICT_PROTOTYPES = YES;
				CLANG_WARN_SUSPICIOUS_MOVE = YES;
				CLANG_WARN_UNGUARDED_AVAILABILITY = YES_AGGRESSIVE;
				CLANG_WARN_UNREACHABLE_CODE = YES;
				CLANG_WARN__DUPLICATE_METHOD_MATCH = YES;
				COPY_PHASE_STRIP = NO;
				DEBUG_INFORMATION_FORMAT = "dwarf-with-dsym";
				ENABLE_NS_ASSERTIONS = NO;
				ENABLE_STRICT_OBJC_MSGSEND = YES;
				GCC_C_LANGUAGE_STANDARD = gnu11;
				GCC_NO_COMMON_BLOCKS = YES;
				GCC_WARN_64_TO_32_BIT_CONVERSION = YES;
				GCC_WARN_ABOUT_RETURN_TYPE = YES_ERROR;
				GCC_WARN_UNDECLARED_SELECTOR = YES;
				GCC_WARN_UNINITIALIZED_AUTOS = YES_AGGRESSIVE;
				GCC_WARN_UNUSED_FUNCTION = YES;
				GCC_WARN_UNUSED_VARIABLE = YES;
				IPHONEOS_DEPLOYMENT_TARGET = 14.2;
				MTL_ENABLE_DEBUG_INFO = NO;
				MTL_FAST_MATH = YES;
				SDKROOT = iphoneos;
				SWIFT_COMPILATION_MODE = wholemodule;
				SWIFT_OPTIMIZATION_LEVEL = "-O";
				VALIDATE_PRODUCT = YES;
			};
			name = Release;
		};
		CCC380832574125B00AF4D96 /* Debug */ = {
			isa = XCBuildConfiguration;
			buildSettings = {
				ASSETCATALOG_COMPILER_APPICON_NAME = AppIcon;
				ASSETCATALOG_COMPILER_GLOBAL_ACCENT_COLOR_NAME = AccentColor;
				CODE_SIGN_STYLE = Automatic;
				DEVELOPMENT_ASSET_PATHS = "\"Hana/Preview Content\"";
				ENABLE_PREVIEWS = YES;
				INFOPLIST_FILE = Hana/Info.plist;
				IPHONEOS_DEPLOYMENT_TARGET = 14.0;
				LD_RUNPATH_SEARCH_PATHS = (
					"$(inherited)",
					"@executable_path/Frameworks",
				);
				PRODUCT_BUNDLE_IDENTIFIER = com.ivanlisovyi.Hana;
				PRODUCT_NAME = "$(TARGET_NAME)";
				SWIFT_VERSION = 5.0;
				TARGETED_DEVICE_FAMILY = "1,2";
			};
			name = Debug;
		};
		CCC380842574125B00AF4D96 /* Release */ = {
			isa = XCBuildConfiguration;
			buildSettings = {
				ASSETCATALOG_COMPILER_APPICON_NAME = AppIcon;
				ASSETCATALOG_COMPILER_GLOBAL_ACCENT_COLOR_NAME = AccentColor;
				CODE_SIGN_STYLE = Automatic;
				DEVELOPMENT_ASSET_PATHS = "\"Hana/Preview Content\"";
				ENABLE_PREVIEWS = YES;
				INFOPLIST_FILE = Hana/Info.plist;
				IPHONEOS_DEPLOYMENT_TARGET = 14.0;
				LD_RUNPATH_SEARCH_PATHS = (
					"$(inherited)",
					"@executable_path/Frameworks",
				);
				PRODUCT_BUNDLE_IDENTIFIER = com.ivanlisovyi.Hana;
				PRODUCT_NAME = "$(TARGET_NAME)";
				SWIFT_VERSION = 5.0;
				TARGETED_DEVICE_FAMILY = "1,2";
			};
			name = Release;
		};
		CCC380862574125B00AF4D96 /* Debug */ = {
			isa = XCBuildConfiguration;
			buildSettings = {
				ALWAYS_EMBED_SWIFT_STANDARD_LIBRARIES = YES;
				BUNDLE_LOADER = "$(TEST_HOST)";
				CODE_SIGN_STYLE = Automatic;
				INFOPLIST_FILE = HanaTests/Info.plist;
				IPHONEOS_DEPLOYMENT_TARGET = 14.0;
				LD_RUNPATH_SEARCH_PATHS = (
					"$(inherited)",
					"@executable_path/Frameworks",
					"@loader_path/Frameworks",
				);
				PRODUCT_BUNDLE_IDENTIFIER = com.ivanlisovyi.HanaTests;
				PRODUCT_NAME = "$(TARGET_NAME)";
				SWIFT_VERSION = 5.0;
				TARGETED_DEVICE_FAMILY = "1,2";
				TEST_HOST = "$(BUILT_PRODUCTS_DIR)/Hana.app/Hana";
			};
			name = Debug;
		};
		CCC380872574125B00AF4D96 /* Release */ = {
			isa = XCBuildConfiguration;
			buildSettings = {
				ALWAYS_EMBED_SWIFT_STANDARD_LIBRARIES = YES;
				BUNDLE_LOADER = "$(TEST_HOST)";
				CODE_SIGN_STYLE = Automatic;
				INFOPLIST_FILE = HanaTests/Info.plist;
				IPHONEOS_DEPLOYMENT_TARGET = 14.0;
				LD_RUNPATH_SEARCH_PATHS = (
					"$(inherited)",
					"@executable_path/Frameworks",
					"@loader_path/Frameworks",
				);
				PRODUCT_BUNDLE_IDENTIFIER = com.ivanlisovyi.HanaTests;
				PRODUCT_NAME = "$(TARGET_NAME)";
				SWIFT_VERSION = 5.0;
				TARGETED_DEVICE_FAMILY = "1,2";
				TEST_HOST = "$(BUILT_PRODUCTS_DIR)/Hana.app/Hana";
			};
			name = Release;
		};
/* End XCBuildConfiguration section */

/* Begin XCConfigurationList section */
		CCC380582574125A00AF4D96 /* Build configuration list for PBXProject "Hana" */ = {
			isa = XCConfigurationList;
			buildConfigurations = (
				CCC380802574125B00AF4D96 /* Debug */,
				CCC380812574125B00AF4D96 /* Release */,
			);
			defaultConfigurationIsVisible = 0;
			defaultConfigurationName = Release;
		};
		CCC380822574125B00AF4D96 /* Build configuration list for PBXNativeTarget "Hana" */ = {
			isa = XCConfigurationList;
			buildConfigurations = (
				CCC380832574125B00AF4D96 /* Debug */,
				CCC380842574125B00AF4D96 /* Release */,
			);
			defaultConfigurationIsVisible = 0;
			defaultConfigurationName = Release;
		};
		CCC380852574125B00AF4D96 /* Build configuration list for PBXNativeTarget "HanaTests" */ = {
			isa = XCConfigurationList;
			buildConfigurations = (
				CCC380862574125B00AF4D96 /* Debug */,
				CCC380872574125B00AF4D96 /* Release */,
			);
			defaultConfigurationIsVisible = 0;
			defaultConfigurationName = Release;
		};
/* End XCConfigurationList section */

/* Begin XCSwiftPackageProductDependency section */
		CCB6D08F257D4E0000A9E261 /* Posts */ = {
			isa = XCSwiftPackageProductDependency;
			productName = Posts;
		};
		CCEF65BC257D4A5300D38E11 /* KaoriLive */ = {
			isa = XCSwiftPackageProductDependency;
			productName = KaoriLive;
		};
/* End XCSwiftPackageProductDependency section */
	};
	rootObject = CCC380552574125A00AF4D96 /* Project object */;
}
